
Microsoft Visual Studio Solution File, Format Version 12.00
# Visual Studio 14
VisualStudioVersion = 14.0.25123.0
MinimumVisualStudioVersion = 10.0.40219.1
Project("{FAE04EC0-301F-11D3-BF4B-00C04F79EFBC}") = "Prueba1125", "Prueba1125\Prueba1125.csproj", "{BBC7BDA1-AC05-4908-86E1-11C012E3B5DC}"
EndProject
Global
	GlobalSection(SolutionConfigurationPlatforms) = preSolution
		Debug|Any CPU = Debug|Any CPU
		Release|Any CPU = Release|Any CPU
	EndGlobalSection
	GlobalSection(ProjectConfigurationPlatforms) = postSolution
		{BBC7BDA1-AC05-4908-86E1-11C012E3B5DC}.Debug|Any CPU.ActiveCfg = Debug|Any CPU
		{BBC7BDA1-AC05-4908-86E1-11C012E3B5DC}.Debug|Any CPU.Build.0 = Debug|Any CPU
		{BBC7BDA1-AC05-4908-86E1-11C012E3B5DC}.Release|Any CPU.ActiveCfg = Release|Any CPU
		{BBC7BDA1-AC05-4908-86E1-11C012E3B5DC}.Release|Any CPU.Build.0 = Release|Any CPU
	EndGlobalSection
	GlobalSection(SolutionProperties) = preSolution
		HideSolutionNode = FALSE
	EndGlobalSection
EndGlobal
